
Microsoft Visual Studio Solution File, Format Version 12.00
# Visual Studio Version 16
VisualStudioVersion = 16.0.30804.86
MinimumVisualStudioVersion = 10.0.40219.1
Project("{FAE04EC0-301F-11D3-BF4B-00C04F79EFBC}") = "iProvident", "iProvident\iProvident.csproj", "{20692F3F-8198-4BCB-A557-2EC8A106A61D}"
EndProject
Global
	GlobalSection(SolutionConfigurationPlatforms) = preSolution
		Debug|Any CPU = Debug|Any CPU
		Release|Any CPU = Release|Any CPU
	EndGlobalSection
	GlobalSection(ProjectConfigurationPlatforms) = postSolution
		{20692F3F-8198-4BCB-A557-2EC8A106A61D}.Debug|Any CPU.ActiveCfg = Debug|Any CPU
		{20692F3F-8198-4BCB-A557-2EC8A106A61D}.Debug|Any CPU.Build.0 = Debug|Any CPU
		{20692F3F-8198-4BCB-A557-2EC8A106A61D}.Release|Any CPU.ActiveCfg = Release|Any CPU
		{20692F3F-8198-4BCB-A557-2EC8A106A61D}.Release|Any CPU.Build.0 = Release|Any CPU
	EndGlobalSection
	GlobalSection(SolutionProperties) = preSolution
		HideSolutionNode = FALSE
	EndGlobalSection
	GlobalSection(ExtensibilityGlobals) = postSolution
		SolutionGuid = {DBE2BA1F-2CAA-4F76-8241-7499C9D4E69E}
	EndGlobalSection
EndGlobal
